{
  "name": "webextension_local_filesystem_links-native-host-binaries",
  "version": "0.2.1",
  "lockfileVersion": 1,
  "requires": true,
  "dependencies": {
    "checksum": {
      "version": "0.1.1",
      "resolved": "https://registry.npmjs.org/checksum/-/checksum-0.1.1.tgz",
      "integrity": "sha1-3GUn1MkL6FYNvR7Uzs8yl9Uo6ek=",
      "dev": true,
      "requires": {
        "optimist": "0.3.7"
      }
    },
    "optimist": {
      "version": "0.3.7",
      "resolved": "https://registry.npmjs.org/optimist/-/optimist-0.3.7.tgz",
      "integrity": "sha1-yQlBrVnkJzMokjB00s8ufLxuwNk=",
      "dev": true,
      "requires": {
        "wordwrap": "0.0.3"
      }
    },
    "wordwrap": {
      "version": "0.0.3",
      "resolved": "https://registry.npmjs.org/wordwrap/-/wordwrap-0.0.3.tgz",
      "integrity": "sha1-o9XabNXAvAAI03I0u68b7WMFkQc=",
      "dev": true
    }
  }
}
